
Microsoft Visual Studio Solution File, Format Version 11.00
# Visual Studio 2010
Project("{FAE04EC0-301F-11D3-BF4B-00C04F79EFBC}") = "Todo.Wpf", "Todo.Wpf\Todo.Wpf.csproj", "{3CC85E2A-545F-4C16-B31D-725D2B7C64F5}"
EndProject
Project("{FAE04EC0-301F-11D3-BF4B-00C04F79EFBC}") = "Todo.Core", "Todo.Core\Todo.Core.csproj", "{7834F0D8-682A-40F6-A968-153042703660}"
EndProject
Global
	GlobalSection(TeamFoundationVersionControl) = preSolution
		SccNumberOfProjects = 3
		SccEnterpriseProvider = {4CA58AB2-18FA-4F8D-95D4-32DDF27D184C}
		SccTeamFoundationServer = https://tfs.codeplex.com/tfs/tfs28
		SccLocalPath0 = .
		SccProjectUniqueName1 = Todo.Wpf\\Todo.Wpf.csproj
		SccProjectName1 = Todo.Wpf
		SccLocalPath1 = Todo.Wpf
		SccProjectUniqueName2 = Todo.Core\\Todo.Core.csproj
		SccProjectName2 = Todo.Core
		SccLocalPath2 = Todo.Core
	EndGlobalSection
	GlobalSection(SolutionConfigurationPlatforms) = preSolution
		Debug|Any CPU = Debug|Any CPU
		Debug|Mixed Platforms = Debug|Mixed Platforms
		Debug|x86 = Debug|x86
		Release|Any CPU = Release|Any CPU
		Release|Mixed Platforms = Release|Mixed Platforms
		Release|x86 = Release|x86
	EndGlobalSection
	GlobalSection(ProjectConfigurationPlatforms) = postSolution
		{3CC85E2A-545F-4C16-B31D-725D2B7C64F5}.Debug|Any CPU.ActiveCfg = Debug|x86
		{3CC85E2A-545F-4C16-B31D-725D2B7C64F5}.Debug|Mixed Platforms.ActiveCfg = Debug|x86
		{3CC85E2A-545F-4C16-B31D-725D2B7C64F5}.Debug|Mixed Platforms.Build.0 = Debug|x86
		{3CC85E2A-545F-4C16-B31D-725D2B7C64F5}.Debug|x86.ActiveCfg = Debug|x86
		{3CC85E2A-545F-4C16-B31D-725D2B7C64F5}.Debug|x86.Build.0 = Debug|x86
		{3CC85E2A-545F-4C16-B31D-725D2B7C64F5}.Release|Any CPU.ActiveCfg = Release|x86
		{3CC85E2A-545F-4C16-B31D-725D2B7C64F5}.Release|Mixed Platforms.ActiveCfg = Release|x86
		{3CC85E2A-545F-4C16-B31D-725D2B7C64F5}.Release|Mixed Platforms.Build.0 = Release|x86
		{3CC85E2A-545F-4C16-B31D-725D2B7C64F5}.Release|x86.ActiveCfg = Release|x86
		{3CC85E2A-545F-4C16-B31D-725D2B7C64F5}.Release|x86.Build.0 = Release|x86
		{7834F0D8-682A-40F6-A968-153042703660}.Debug|Any CPU.ActiveCfg = Debug|Any CPU
		{7834F0D8-682A-40F6-A968-153042703660}.Debug|Any CPU.Build.0 = Debug|Any CPU
		{7834F0D8-682A-40F6-A968-153042703660}.Debug|Mixed Platforms.ActiveCfg = Debug|Any CPU
		{7834F0D8-682A-40F6-A968-153042703660}.Debug|Mixed Platforms.Build.0 = Debug|Any CPU
		{7834F0D8-682A-40F6-A968-153042703660}.Debug|x86.ActiveCfg = Debug|Any CPU
		{7834F0D8-682A-40F6-A968-153042703660}.Release|Any CPU.ActiveCfg = Release|Any CPU
		{7834F0D8-682A-40F6-A968-153042703660}.Release|Any CPU.Build.0 = Release|Any CPU
		{7834F0D8-682A-40F6-A968-153042703660}.Release|Mixed Platforms.ActiveCfg = Release|Any CPU
		{7834F0D8-682A-40F6-A968-153042703660}.Release|Mixed Platforms.Build.0 = Release|Any CPU
		{7834F0D8-682A-40F6-A968-153042703660}.Release|x86.ActiveCfg = Release|Any CPU
	EndGlobalSection
	GlobalSection(SolutionProperties) = preSolution
		HideSolutionNode = FALSE
	EndGlobalSection
EndGlobal
