
Microsoft Visual Studio Solution File, Format Version 11.00
# Visual Studio 2010
Project("{2150E333-8FDC-42A3-9474-1A3956D46DE8}") = "Solution Items", "Solution Items", "{24D332B0-6441-48FC-A6A0-AFC1E5685AA3}"
	ProjectSection(SolutionItems) = preProject
		LiveDomain.Core.vsmdi = LiveDomain.Core.vsmdi
		Local.testsettings = Local.testsettings
		TraceAndTestImpact.testsettings = TraceAndTestImpact.testsettings
	EndProjectSection
EndProject
Project("{FAE04EC0-301F-11D3-BF4B-00C04F79EFBC}") = "LiveDomain.Core", "LiveDomain.Core\LiveDomain.Core.csproj", "{CC2165E7-5F7F-41E2-8A1C-28AF88BA7AA1}"
EndProject
Project("{FAE04EC0-301F-11D3-BF4B-00C04F79EFBC}") = "LiveDomain.Core.Test", "LiveDomain.Core.Test\LiveDomain.Core.Test.csproj", "{C85316AC-9295-4D8D-9511-637B7C876EBD}"
EndProject
Project("{FAE04EC0-301F-11D3-BF4B-00C04F79EFBC}") = "LiveDomain.Relational", "LiveDomain.Relational\LiveDomain.Relational.csproj", "{9E643DAF-7AA3-4AEA-AEB8-7E57FEA77AF0}"
EndProject
Project("{FAE04EC0-301F-11D3-BF4B-00C04F79EFBC}") = "LiveDomain.Modules.Blackbox", "Livedomain.Integration.Blackbox\LiveDomain.Modules.Blackbox.csproj", "{86F16DB8-22E9-483A-A752-87CE48D4DF18}"
EndProject
Project("{FAE04EC0-301F-11D3-BF4B-00C04F79EFBC}") = "Modules.Blackbox.Test", "Modules.Blackbox.Test\Modules.Blackbox.Test.csproj", "{2D4BC073-024F-480A-ABEC-E9C4E10653CB}"
EndProject
Project("{2150E333-8FDC-42A3-9474-1A3956D46DE8}") = "Examples", "Examples", "{9DBED76C-309A-4085-B58D-F1A820915691}"
EndProject
Project("{2150E333-8FDC-42A3-9474-1A3956D46DE8}") = "Test", "Test", "{EA6598CF-C4E9-4E79-8378-4A8792286E96}"
EndProject
Project("{2150E333-8FDC-42A3-9474-1A3956D46DE8}") = "Modules", "Modules", "{3CCC7D34-4E0C-4603-BC0C-65EFAFBBF920}"
EndProject
Global
	GlobalSection(TeamFoundationVersionControl) = preSolution
		SccNumberOfProjects = 6
		SccEnterpriseProvider = {4CA58AB2-18FA-4F8D-95D4-32DDF27D184C}
		SccTeamFoundationServer = https://tfs.codeplex.com/tfs/tfs28
		SccLocalPath0 = .
		SccProjectUniqueName1 = LiveDomain.Core\\LiveDomain.Core.csproj
		SccProjectName1 = LiveDomain.Core
		SccLocalPath1 = LiveDomain.Core
		SccProjectUniqueName2 = LiveDomain.Core.Test\\LiveDomain.Core.Test.csproj
		SccProjectTopLevelParentUniqueName2 = LiveDomain.sln
		SccProjectName2 = LiveDomain.Core.Test
		SccLocalPath2 = LiveDomain.Core.Test
		SccProjectUniqueName3 = LiveDomain.Relational\\LiveDomain.Relational.csproj
		SccProjectName3 = LiveDomain.Relational
		SccLocalPath3 = LiveDomain.Relational
		SccProjectUniqueName4 = Livedomain.Integration.Blackbox\\LiveDomain.Modules.Blackbox.csproj
		SccProjectTopLevelParentUniqueName4 = LiveDomain.sln
		SccProjectName4 = Livedomain.Integration.Blackbox
		SccLocalPath4 = Livedomain.Integration.Blackbox
		SccProjectUniqueName5 = Modules.Blackbox.Test\\Modules.Blackbox.Test.csproj
		SccProjectTopLevelParentUniqueName5 = LiveDomain.sln
		SccProjectName5 = Modules.Blackbox.Test
		SccLocalPath5 = Modules.Blackbox.Test
	EndGlobalSection
	GlobalSection(TestCaseManagementSettings) = postSolution
		CategoryFile = LiveDomain.Core.vsmdi
	EndGlobalSection
	GlobalSection(SolutionConfigurationPlatforms) = preSolution
		Debug|Any CPU = Debug|Any CPU
		Debug|Mixed Platforms = Debug|Mixed Platforms
		Debug|x86 = Debug|x86
		Release|Any CPU = Release|Any CPU
		Release|Mixed Platforms = Release|Mixed Platforms
		Release|x86 = Release|x86
	EndGlobalSection
	GlobalSection(ProjectConfigurationPlatforms) = postSolution
		{CC2165E7-5F7F-41E2-8A1C-28AF88BA7AA1}.Debug|Any CPU.ActiveCfg = Debug|Any CPU
		{CC2165E7-5F7F-41E2-8A1C-28AF88BA7AA1}.Debug|Any CPU.Build.0 = Debug|Any CPU
		{CC2165E7-5F7F-41E2-8A1C-28AF88BA7AA1}.Debug|Mixed Platforms.ActiveCfg = Debug|Any CPU
		{CC2165E7-5F7F-41E2-8A1C-28AF88BA7AA1}.Debug|Mixed Platforms.Build.0 = Debug|Any CPU
		{CC2165E7-5F7F-41E2-8A1C-28AF88BA7AA1}.Debug|x86.ActiveCfg = Debug|Any CPU
		{CC2165E7-5F7F-41E2-8A1C-28AF88BA7AA1}.Release|Any CPU.ActiveCfg = Release|Any CPU
		{CC2165E7-5F7F-41E2-8A1C-28AF88BA7AA1}.Release|Any CPU.Build.0 = Release|Any CPU
		{CC2165E7-5F7F-41E2-8A1C-28AF88BA7AA1}.Release|Mixed Platforms.ActiveCfg = Release|Any CPU
		{CC2165E7-5F7F-41E2-8A1C-28AF88BA7AA1}.Release|Mixed Platforms.Build.0 = Release|Any CPU
		{CC2165E7-5F7F-41E2-8A1C-28AF88BA7AA1}.Release|x86.ActiveCfg = Release|Any CPU
		{C85316AC-9295-4D8D-9511-637B7C876EBD}.Debug|Any CPU.ActiveCfg = Debug|Any CPU
		{C85316AC-9295-4D8D-9511-637B7C876EBD}.Debug|Any CPU.Build.0 = Debug|Any CPU
		{C85316AC-9295-4D8D-9511-637B7C876EBD}.Debug|Mixed Platforms.ActiveCfg = Debug|Any CPU
		{C85316AC-9295-4D8D-9511-637B7C876EBD}.Debug|Mixed Platforms.Build.0 = Debug|Any CPU
		{C85316AC-9295-4D8D-9511-637B7C876EBD}.Debug|x86.ActiveCfg = Debug|Any CPU
		{C85316AC-9295-4D8D-9511-637B7C876EBD}.Release|Any CPU.ActiveCfg = Release|Any CPU
		{C85316AC-9295-4D8D-9511-637B7C876EBD}.Release|Any CPU.Build.0 = Release|Any CPU
		{C85316AC-9295-4D8D-9511-637B7C876EBD}.Release|Mixed Platforms.ActiveCfg = Release|Any CPU
		{C85316AC-9295-4D8D-9511-637B7C876EBD}.Release|Mixed Platforms.Build.0 = Release|Any CPU
		{C85316AC-9295-4D8D-9511-637B7C876EBD}.Release|x86.ActiveCfg = Release|Any CPU
		{9E643DAF-7AA3-4AEA-AEB8-7E57FEA77AF0}.Debug|Any CPU.ActiveCfg = Debug|Any CPU
		{9E643DAF-7AA3-4AEA-AEB8-7E57FEA77AF0}.Debug|Any CPU.Build.0 = Debug|Any CPU
		{9E643DAF-7AA3-4AEA-AEB8-7E57FEA77AF0}.Debug|Mixed Platforms.ActiveCfg = Debug|Any CPU
		{9E643DAF-7AA3-4AEA-AEB8-7E57FEA77AF0}.Debug|Mixed Platforms.Build.0 = Debug|Any CPU
		{9E643DAF-7AA3-4AEA-AEB8-7E57FEA77AF0}.Debug|x86.ActiveCfg = Debug|Any CPU
		{9E643DAF-7AA3-4AEA-AEB8-7E57FEA77AF0}.Release|Any CPU.ActiveCfg = Release|Any CPU
		{9E643DAF-7AA3-4AEA-AEB8-7E57FEA77AF0}.Release|Any CPU.Build.0 = Release|Any CPU
		{9E643DAF-7AA3-4AEA-AEB8-7E57FEA77AF0}.Release|Mixed Platforms.ActiveCfg = Release|Any CPU
		{9E643DAF-7AA3-4AEA-AEB8-7E57FEA77AF0}.Release|Mixed Platforms.Build.0 = Release|Any CPU
		{9E643DAF-7AA3-4AEA-AEB8-7E57FEA77AF0}.Release|x86.ActiveCfg = Release|Any CPU
		{86F16DB8-22E9-483A-A752-87CE48D4DF18}.Debug|Any CPU.ActiveCfg = Debug|x86
		{86F16DB8-22E9-483A-A752-87CE48D4DF18}.Debug|Mixed Platforms.ActiveCfg = Debug|x86
		{86F16DB8-22E9-483A-A752-87CE48D4DF18}.Debug|Mixed Platforms.Build.0 = Debug|x86
		{86F16DB8-22E9-483A-A752-87CE48D4DF18}.Debug|x86.ActiveCfg = Debug|x86
		{86F16DB8-22E9-483A-A752-87CE48D4DF18}.Debug|x86.Build.0 = Debug|x86
		{86F16DB8-22E9-483A-A752-87CE48D4DF18}.Release|Any CPU.ActiveCfg = Release|x86
		{86F16DB8-22E9-483A-A752-87CE48D4DF18}.Release|Mixed Platforms.ActiveCfg = Release|x86
		{86F16DB8-22E9-483A-A752-87CE48D4DF18}.Release|Mixed Platforms.Build.0 = Release|x86
		{86F16DB8-22E9-483A-A752-87CE48D4DF18}.Release|x86.ActiveCfg = Release|x86
		{86F16DB8-22E9-483A-A752-87CE48D4DF18}.Release|x86.Build.0 = Release|x86
		{2D4BC073-024F-480A-ABEC-E9C4E10653CB}.Debug|Any CPU.ActiveCfg = Debug|Any CPU
		{2D4BC073-024F-480A-ABEC-E9C4E10653CB}.Debug|Any CPU.Build.0 = Debug|Any CPU
		{2D4BC073-024F-480A-ABEC-E9C4E10653CB}.Debug|Mixed Platforms.ActiveCfg = Debug|Any CPU
		{2D4BC073-024F-480A-ABEC-E9C4E10653CB}.Debug|Mixed Platforms.Build.0 = Debug|Any CPU
		{2D4BC073-024F-480A-ABEC-E9C4E10653CB}.Debug|x86.ActiveCfg = Debug|Any CPU
		{2D4BC073-024F-480A-ABEC-E9C4E10653CB}.Release|Any CPU.ActiveCfg = Release|Any CPU
		{2D4BC073-024F-480A-ABEC-E9C4E10653CB}.Release|Any CPU.Build.0 = Release|Any CPU
		{2D4BC073-024F-480A-ABEC-E9C4E10653CB}.Release|Mixed Platforms.ActiveCfg = Release|Any CPU
		{2D4BC073-024F-480A-ABEC-E9C4E10653CB}.Release|Mixed Platforms.Build.0 = Release|Any CPU
		{2D4BC073-024F-480A-ABEC-E9C4E10653CB}.Release|x86.ActiveCfg = Release|Any CPU
	EndGlobalSection
	GlobalSection(SolutionProperties) = preSolution
		HideSolutionNode = FALSE
	EndGlobalSection
	GlobalSection(NestedProjects) = preSolution
		{2D4BC073-024F-480A-ABEC-E9C4E10653CB} = {EA6598CF-C4E9-4E79-8378-4A8792286E96}
		{C85316AC-9295-4D8D-9511-637B7C876EBD} = {EA6598CF-C4E9-4E79-8378-4A8792286E96}
		{86F16DB8-22E9-483A-A752-87CE48D4DF18} = {3CCC7D34-4E0C-4603-BC0C-65EFAFBBF920}
	EndGlobalSection
EndGlobal
