
Microsoft Visual Studio Solution File, Format Version 11.00
# Visual Studio 2010
Project("{2150E333-8FDC-42A3-9474-1A3956D46DE8}") = "Solution Items", "Solution Items", "{24D332B0-6441-48FC-A6A0-AFC1E5685AA3}"
	ProjectSection(SolutionItems) = preProject
		LiveDomain.Core.vsmdi = LiveDomain.Core.vsmdi
		Local.testsettings = Local.testsettings
		TraceAndTestImpact.testsettings = TraceAndTestImpact.testsettings
	EndProjectSection
EndProject
Project("{FAE04EC0-301F-11D3-BF4B-00C04F79EFBC}") = "LiveDomain.Core", "LiveDomain.Core\LiveDomain.Core.csproj", "{CC2165E7-5F7F-41E2-8A1C-28AF88BA7AA1}"
EndProject
Project("{FAE04EC0-301F-11D3-BF4B-00C04F79EFBC}") = "LiveDomain.Core.Test", "LiveDomain.Core.Test\LiveDomain.Core.Test.csproj", "{C85316AC-9295-4D8D-9511-637B7C876EBD}"
EndProject
Project("{FAE04EC0-301F-11D3-BF4B-00C04F79EFBC}") = "Modules.Blackbox.Test", "Modules.Blackbox.Test\Modules.Blackbox.Test.csproj", "{2D4BC073-024F-480A-ABEC-E9C4E10653CB}"
EndProject
Project("{2150E333-8FDC-42A3-9474-1A3956D46DE8}") = "Test", "Test", "{EA6598CF-C4E9-4E79-8378-4A8792286E96}"
EndProject
Project("{2150E333-8FDC-42A3-9474-1A3956D46DE8}") = "Modules", "Modules", "{3CCC7D34-4E0C-4603-BC0C-65EFAFBBF920}"
EndProject
Project("{2150E333-8FDC-42A3-9474-1A3956D46DE8}") = ".nuget", ".nuget", "{AFA30644-DE56-416C-AA65-DC2B9C450D31}"
	ProjectSection(SolutionItems) = preProject
		.nuget\NuGet.exe = .nuget\NuGet.exe
		.nuget\NuGet.targets = .nuget\NuGet.targets
	EndProjectSection
EndProject
Project("{FAE04EC0-301F-11D3-BF4B-00C04F79EFBC}") = "LiveDomain.Modules.Blackbox", "Livedomain.Modules.Blackbox\LiveDomain.Modules.Blackbox.csproj", "{86F16DB8-22E9-483A-A752-87CE48D4DF18}"
EndProject
Project("{FAE04EC0-301F-11D3-BF4B-00C04F79EFBC}") = "LiveDomain.Modules.SqlStorage", "LiveDomain.Modules.SqlStorage\LiveDomain.Modules.SqlStorage.csproj", "{0524D08D-149D-4199-89D8-DF75E77D6638}"
EndProject
Project("{2150E333-8FDC-42A3-9474-1A3956D46DE8}") = "Tools", "Tools", "{134C2803-9F83-4988-B7D4-3051ADB616F8}"
EndProject
Project("{FAE04EC0-301F-11D3-BF4B-00C04F79EFBC}") = "LiveDomain.StoreUtility", "LiveDomain.StoreUtility\LiveDomain.StoreUtility.csproj", "{92154F54-3EDB-45D1-9B4D-7CA54D9F0EE8}"
EndProject
Global
	GlobalSection(TestCaseManagementSettings) = postSolution
		CategoryFile = LiveDomain.Core.vsmdi
	EndGlobalSection
	GlobalSection(SolutionConfigurationPlatforms) = preSolution
		Debug|Any CPU = Debug|Any CPU
		Debug|Mixed Platforms = Debug|Mixed Platforms
		Debug|x86 = Debug|x86
		Release|Any CPU = Release|Any CPU
		Release|Mixed Platforms = Release|Mixed Platforms
		Release|x86 = Release|x86
	EndGlobalSection
	GlobalSection(ProjectConfigurationPlatforms) = postSolution
		{CC2165E7-5F7F-41E2-8A1C-28AF88BA7AA1}.Debug|Any CPU.ActiveCfg = Debug|Any CPU
		{CC2165E7-5F7F-41E2-8A1C-28AF88BA7AA1}.Debug|Any CPU.Build.0 = Debug|Any CPU
		{CC2165E7-5F7F-41E2-8A1C-28AF88BA7AA1}.Debug|Mixed Platforms.ActiveCfg = Debug|Any CPU
		{CC2165E7-5F7F-41E2-8A1C-28AF88BA7AA1}.Debug|Mixed Platforms.Build.0 = Debug|Any CPU
		{CC2165E7-5F7F-41E2-8A1C-28AF88BA7AA1}.Debug|x86.ActiveCfg = Debug|Any CPU
		{CC2165E7-5F7F-41E2-8A1C-28AF88BA7AA1}.Release|Any CPU.ActiveCfg = Release|Any CPU
		{CC2165E7-5F7F-41E2-8A1C-28AF88BA7AA1}.Release|Any CPU.Build.0 = Release|Any CPU
		{CC2165E7-5F7F-41E2-8A1C-28AF88BA7AA1}.Release|Mixed Platforms.ActiveCfg = Release|Any CPU
		{CC2165E7-5F7F-41E2-8A1C-28AF88BA7AA1}.Release|Mixed Platforms.Build.0 = Release|Any CPU
		{CC2165E7-5F7F-41E2-8A1C-28AF88BA7AA1}.Release|x86.ActiveCfg = Release|Any CPU
		{C85316AC-9295-4D8D-9511-637B7C876EBD}.Debug|Any CPU.ActiveCfg = Debug|Any CPU
		{C85316AC-9295-4D8D-9511-637B7C876EBD}.Debug|Any CPU.Build.0 = Debug|Any CPU
		{C85316AC-9295-4D8D-9511-637B7C876EBD}.Debug|Mixed Platforms.ActiveCfg = Debug|Any CPU
		{C85316AC-9295-4D8D-9511-637B7C876EBD}.Debug|Mixed Platforms.Build.0 = Debug|Any CPU
		{C85316AC-9295-4D8D-9511-637B7C876EBD}.Debug|x86.ActiveCfg = Debug|Any CPU
		{C85316AC-9295-4D8D-9511-637B7C876EBD}.Release|Any CPU.ActiveCfg = Release|Any CPU
		{C85316AC-9295-4D8D-9511-637B7C876EBD}.Release|Any CPU.Build.0 = Release|Any CPU
		{C85316AC-9295-4D8D-9511-637B7C876EBD}.Release|Mixed Platforms.ActiveCfg = Release|Any CPU
		{C85316AC-9295-4D8D-9511-637B7C876EBD}.Release|Mixed Platforms.Build.0 = Release|Any CPU
		{C85316AC-9295-4D8D-9511-637B7C876EBD}.Release|x86.ActiveCfg = Release|Any CPU
		{2D4BC073-024F-480A-ABEC-E9C4E10653CB}.Debug|Any CPU.ActiveCfg = Debug|Any CPU
		{2D4BC073-024F-480A-ABEC-E9C4E10653CB}.Debug|Any CPU.Build.0 = Debug|Any CPU
		{2D4BC073-024F-480A-ABEC-E9C4E10653CB}.Debug|Mixed Platforms.ActiveCfg = Debug|Any CPU
		{2D4BC073-024F-480A-ABEC-E9C4E10653CB}.Debug|Mixed Platforms.Build.0 = Debug|Any CPU
		{2D4BC073-024F-480A-ABEC-E9C4E10653CB}.Debug|x86.ActiveCfg = Debug|Any CPU
		{2D4BC073-024F-480A-ABEC-E9C4E10653CB}.Release|Any CPU.ActiveCfg = Release|Any CPU
		{2D4BC073-024F-480A-ABEC-E9C4E10653CB}.Release|Any CPU.Build.0 = Release|Any CPU
		{2D4BC073-024F-480A-ABEC-E9C4E10653CB}.Release|Mixed Platforms.ActiveCfg = Release|Any CPU
		{2D4BC073-024F-480A-ABEC-E9C4E10653CB}.Release|Mixed Platforms.Build.0 = Release|Any CPU
		{2D4BC073-024F-480A-ABEC-E9C4E10653CB}.Release|x86.ActiveCfg = Release|Any CPU
		{86F16DB8-22E9-483A-A752-87CE48D4DF18}.Debug|Any CPU.ActiveCfg = Debug|x86
		{86F16DB8-22E9-483A-A752-87CE48D4DF18}.Debug|Mixed Platforms.ActiveCfg = Debug|x86
		{86F16DB8-22E9-483A-A752-87CE48D4DF18}.Debug|Mixed Platforms.Build.0 = Debug|x86
		{86F16DB8-22E9-483A-A752-87CE48D4DF18}.Debug|x86.ActiveCfg = Debug|x86
		{86F16DB8-22E9-483A-A752-87CE48D4DF18}.Debug|x86.Build.0 = Debug|x86
		{86F16DB8-22E9-483A-A752-87CE48D4DF18}.Release|Any CPU.ActiveCfg = Release|x86
		{86F16DB8-22E9-483A-A752-87CE48D4DF18}.Release|Mixed Platforms.ActiveCfg = Release|x86
		{86F16DB8-22E9-483A-A752-87CE48D4DF18}.Release|Mixed Platforms.Build.0 = Release|x86
		{86F16DB8-22E9-483A-A752-87CE48D4DF18}.Release|x86.ActiveCfg = Release|x86
		{86F16DB8-22E9-483A-A752-87CE48D4DF18}.Release|x86.Build.0 = Release|x86
		{0524D08D-149D-4199-89D8-DF75E77D6638}.Debug|Any CPU.ActiveCfg = Debug|Any CPU
		{0524D08D-149D-4199-89D8-DF75E77D6638}.Debug|Any CPU.Build.0 = Debug|Any CPU
		{0524D08D-149D-4199-89D8-DF75E77D6638}.Debug|Mixed Platforms.ActiveCfg = Debug|Any CPU
		{0524D08D-149D-4199-89D8-DF75E77D6638}.Debug|Mixed Platforms.Build.0 = Debug|Any CPU
		{0524D08D-149D-4199-89D8-DF75E77D6638}.Debug|x86.ActiveCfg = Debug|Any CPU
		{0524D08D-149D-4199-89D8-DF75E77D6638}.Release|Any CPU.ActiveCfg = Release|Any CPU
		{0524D08D-149D-4199-89D8-DF75E77D6638}.Release|Any CPU.Build.0 = Release|Any CPU
		{0524D08D-149D-4199-89D8-DF75E77D6638}.Release|Mixed Platforms.ActiveCfg = Release|Any CPU
		{0524D08D-149D-4199-89D8-DF75E77D6638}.Release|Mixed Platforms.Build.0 = Release|Any CPU
		{0524D08D-149D-4199-89D8-DF75E77D6638}.Release|x86.ActiveCfg = Release|Any CPU
		{92154F54-3EDB-45D1-9B4D-7CA54D9F0EE8}.Debug|Any CPU.ActiveCfg = Debug|x86
		{92154F54-3EDB-45D1-9B4D-7CA54D9F0EE8}.Debug|Mixed Platforms.ActiveCfg = Debug|x86
		{92154F54-3EDB-45D1-9B4D-7CA54D9F0EE8}.Debug|Mixed Platforms.Build.0 = Debug|x86
		{92154F54-3EDB-45D1-9B4D-7CA54D9F0EE8}.Debug|x86.ActiveCfg = Debug|x86
		{92154F54-3EDB-45D1-9B4D-7CA54D9F0EE8}.Debug|x86.Build.0 = Debug|x86
		{92154F54-3EDB-45D1-9B4D-7CA54D9F0EE8}.Release|Any CPU.ActiveCfg = Release|x86
		{92154F54-3EDB-45D1-9B4D-7CA54D9F0EE8}.Release|Mixed Platforms.ActiveCfg = Release|x86
		{92154F54-3EDB-45D1-9B4D-7CA54D9F0EE8}.Release|Mixed Platforms.Build.0 = Release|x86
		{92154F54-3EDB-45D1-9B4D-7CA54D9F0EE8}.Release|x86.ActiveCfg = Release|x86
		{92154F54-3EDB-45D1-9B4D-7CA54D9F0EE8}.Release|x86.Build.0 = Release|x86
	EndGlobalSection
	GlobalSection(SolutionProperties) = preSolution
		HideSolutionNode = FALSE
	EndGlobalSection
	GlobalSection(NestedProjects) = preSolution
		{2D4BC073-024F-480A-ABEC-E9C4E10653CB} = {EA6598CF-C4E9-4E79-8378-4A8792286E96}
		{C85316AC-9295-4D8D-9511-637B7C876EBD} = {EA6598CF-C4E9-4E79-8378-4A8792286E96}
		{86F16DB8-22E9-483A-A752-87CE48D4DF18} = {3CCC7D34-4E0C-4603-BC0C-65EFAFBBF920}
		{0524D08D-149D-4199-89D8-DF75E77D6638} = {3CCC7D34-4E0C-4603-BC0C-65EFAFBBF920}
		{92154F54-3EDB-45D1-9B4D-7CA54D9F0EE8} = {134C2803-9F83-4988-B7D4-3051ADB616F8}
	EndGlobalSection
EndGlobal
