
Microsoft Visual Studio Solution File, Format Version 11.00
# Visual Studio 2010
Project("{FAE04EC0-301F-11D3-BF4B-00C04F79EFBC}") = "LiveDomain.Relational", "LiveDomain.Relational\LiveDomain.Relational.csproj", "{9E643DAF-7AA3-4AEA-AEB8-7E57FEA77AF0}"
EndProject
Global
	GlobalSection(TeamFoundationVersionControl) = preSolution
		SccNumberOfProjects = 2
		SccEnterpriseProvider = {4CA58AB2-18FA-4F8D-95D4-32DDF27D184C}
		SccTeamFoundationServer = https://tfs.codeplex.com/tfs/tfs28
		SccLocalPath0 = .
		SccProjectUniqueName1 = LiveDomain.Relational\\LiveDomain.Relational.csproj
		SccProjectName1 = LiveDomain.Relational
		SccLocalPath1 = LiveDomain.Relational
	EndGlobalSection
	GlobalSection(SolutionConfigurationPlatforms) = preSolution
		Debug|Any CPU = Debug|Any CPU
		Release|Any CPU = Release|Any CPU
	EndGlobalSection
	GlobalSection(ProjectConfigurationPlatforms) = postSolution
		{9E643DAF-7AA3-4AEA-AEB8-7E57FEA77AF0}.Debug|Any CPU.ActiveCfg = Debug|Any CPU
		{9E643DAF-7AA3-4AEA-AEB8-7E57FEA77AF0}.Debug|Any CPU.Build.0 = Debug|Any CPU
		{9E643DAF-7AA3-4AEA-AEB8-7E57FEA77AF0}.Release|Any CPU.ActiveCfg = Release|Any CPU
		{9E643DAF-7AA3-4AEA-AEB8-7E57FEA77AF0}.Release|Any CPU.Build.0 = Release|Any CPU
	EndGlobalSection
	GlobalSection(SolutionProperties) = preSolution
		HideSolutionNode = FALSE
	EndGlobalSection
EndGlobal
